
Microsoft Visual Studio Solution File, Format Version 12.00
Project("{FAE04EC0-301F-11D3-BF4B-00C04F79EFBC}") = "mobahinted-client", "mobahinted-client.csproj", "{371F2D9D-F902-4C29-9223-7E5B1A024465}"
EndProject
Global
	GlobalSection(SolutionConfigurationPlatforms) = preSolution
		Debug|Any CPU = Debug|Any CPU
		Release|Any CPU = Release|Any CPU
	EndGlobalSection
	GlobalSection(ProjectConfigurationPlatforms) = postSolution
		{371F2D9D-F902-4C29-9223-7E5B1A024465}.Debug|Any CPU.ActiveCfg = Debug|Any CPU
		{371F2D9D-F902-4C29-9223-7E5B1A024465}.Debug|Any CPU.Build.0 = Debug|Any CPU
		{371F2D9D-F902-4C29-9223-7E5B1A024465}.Release|Any CPU.ActiveCfg = Release|Any CPU
		{371F2D9D-F902-4C29-9223-7E5B1A024465}.Release|Any CPU.Build.0 = Release|Any CPU
	EndGlobalSection
EndGlobal
